
Microsoft Visual Studio Solution File, Format Version 12.00
# Visual Studio 14
VisualStudioVersion = 14.0.25420.1
MinimumVisualStudioVersion = 10.0.40219.1
Project("{8BC9CEB8-8B4A-11D0-8D11-00A0C91BC942}") = "CudaExamples", "CudaExamples\CudaExamples.vcxproj", "{558BC4E0-C0C6-44F3-B4F1-6ED0D04B6450}"
EndProject
Project("{8BC9CEB8-8B4A-11D0-8D11-00A0C91BC942}") = "Example1", "Example1\Example1.vcxproj", "{6A1B80F5-0999-4174-B3DD-A7EB6B0B40F2}"
EndProject
Project("{8BC9CEB8-8B4A-11D0-8D11-00A0C91BC942}") = "Example2", "Example2\Example2.vcxproj", "{A8CC4A7F-DEA2-4B19-8E6C-4DCF1B5BC2B1}"
EndProject
Project("{8BC9CEB8-8B4A-11D0-8D11-00A0C91BC942}") = "Example3", "Example3\Example3.vcxproj", "{B61A4AEA-49B2-4A1E-97BB-E5420F4A86F2}"
EndProject
Project("{8BC9CEB8-8B4A-11D0-8D11-00A0C91BC942}") = "Example4", "Example4\Example4.vcxproj", "{CDE8CE02-EAB8-4199-87C8-F7A5311665C1}"
EndProject
Project("{8BC9CEB8-8B4A-11D0-8D11-00A0C91BC942}") = "Example5", "Example5\Example5.vcxproj", "{8EB40702-0B4C-49BB-A40F-B0CB135B863E}"
EndProject
Project("{8BC9CEB8-8B4A-11D0-8D11-00A0C91BC942}") = "Example6", "Example6\Example6.vcxproj", "{3BD8F633-25DA-4644-9A7D-2170CC7D1994}"
EndProject
Project("{8BC9CEB8-8B4A-11D0-8D11-00A0C91BC942}") = "Example7", "Example7\Example7.vcxproj", "{4141FFE1-3080-4120-96C5-8D29A6162B85}"
EndProject
Project("{8BC9CEB8-8B4A-11D0-8D11-00A0C91BC942}") = "Example8", "Example8\Example8.vcxproj", "{1A26D8BD-5CE5-4421-85BF-6D6E154866E7}"
EndProject
Global
	GlobalSection(SolutionConfigurationPlatforms) = preSolution
		Debug|x64 = Debug|x64
		Debug|x86 = Debug|x86
		Release|x64 = Release|x64
		Release|x86 = Release|x86
	EndGlobalSection
	GlobalSection(ProjectConfigurationPlatforms) = postSolution
		{558BC4E0-C0C6-44F3-B4F1-6ED0D04B6450}.Debug|x64.ActiveCfg = Debug|x64
		{558BC4E0-C0C6-44F3-B4F1-6ED0D04B6450}.Debug|x64.Build.0 = Debug|x64
		{558BC4E0-C0C6-44F3-B4F1-6ED0D04B6450}.Debug|x86.ActiveCfg = Debug|Win32
		{558BC4E0-C0C6-44F3-B4F1-6ED0D04B6450}.Debug|x86.Build.0 = Debug|Win32
		{558BC4E0-C0C6-44F3-B4F1-6ED0D04B6450}.Release|x64.ActiveCfg = Release|x64
		{558BC4E0-C0C6-44F3-B4F1-6ED0D04B6450}.Release|x64.Build.0 = Release|x64
		{558BC4E0-C0C6-44F3-B4F1-6ED0D04B6450}.Release|x86.ActiveCfg = Release|Win32
		{558BC4E0-C0C6-44F3-B4F1-6ED0D04B6450}.Release|x86.Build.0 = Release|Win32
		{6A1B80F5-0999-4174-B3DD-A7EB6B0B40F2}.Debug|x64.ActiveCfg = Debug|x64
		{6A1B80F5-0999-4174-B3DD-A7EB6B0B40F2}.Debug|x64.Build.0 = Debug|x64
		{6A1B80F5-0999-4174-B3DD-A7EB6B0B40F2}.Debug|x86.ActiveCfg = Debug|Win32
		{6A1B80F5-0999-4174-B3DD-A7EB6B0B40F2}.Debug|x86.Build.0 = Debug|Win32
		{6A1B80F5-0999-4174-B3DD-A7EB6B0B40F2}.Release|x64.ActiveCfg = Release|x64
		{6A1B80F5-0999-4174-B3DD-A7EB6B0B40F2}.Release|x64.Build.0 = Release|x64
		{6A1B80F5-0999-4174-B3DD-A7EB6B0B40F2}.Release|x86.ActiveCfg = Release|Win32
		{6A1B80F5-0999-4174-B3DD-A7EB6B0B40F2}.Release|x86.Build.0 = Release|Win32
		{A8CC4A7F-DEA2-4B19-8E6C-4DCF1B5BC2B1}.Debug|x64.ActiveCfg = Debug|x64
		{A8CC4A7F-DEA2-4B19-8E6C-4DCF1B5BC2B1}.Debug|x64.Build.0 = Debug|x64
		{A8CC4A7F-DEA2-4B19-8E6C-4DCF1B5BC2B1}.Debug|x86.ActiveCfg = Debug|Win32
		{A8CC4A7F-DEA2-4B19-8E6C-4DCF1B5BC2B1}.Debug|x86.Build.0 = Debug|Win32
		{A8CC4A7F-DEA2-4B19-8E6C-4DCF1B5BC2B1}.Release|x64.ActiveCfg = Release|x64
		{A8CC4A7F-DEA2-4B19-8E6C-4DCF1B5BC2B1}.Release|x64.Build.0 = Release|x64
		{A8CC4A7F-DEA2-4B19-8E6C-4DCF1B5BC2B1}.Release|x86.ActiveCfg = Release|Win32
		{A8CC4A7F-DEA2-4B19-8E6C-4DCF1B5BC2B1}.Release|x86.Build.0 = Release|Win32
		{B61A4AEA-49B2-4A1E-97BB-E5420F4A86F2}.Debug|x64.ActiveCfg = Debug|x64
		{B61A4AEA-49B2-4A1E-97BB-E5420F4A86F2}.Debug|x64.Build.0 = Debug|x64
		{B61A4AEA-49B2-4A1E-97BB-E5420F4A86F2}.Debug|x86.ActiveCfg = Debug|Win32
		{B61A4AEA-49B2-4A1E-97BB-E5420F4A86F2}.Debug|x86.Build.0 = Debug|Win32
		{B61A4AEA-49B2-4A1E-97BB-E5420F4A86F2}.Release|x64.ActiveCfg = Release|x64
		{B61A4AEA-49B2-4A1E-97BB-E5420F4A86F2}.Release|x64.Build.0 = Release|x64
		{B61A4AEA-49B2-4A1E-97BB-E5420F4A86F2}.Release|x86.ActiveCfg = Release|Win32
		{B61A4AEA-49B2-4A1E-97BB-E5420F4A86F2}.Release|x86.Build.0 = Release|Win32
		{CDE8CE02-EAB8-4199-87C8-F7A5311665C1}.Debug|x64.ActiveCfg = Debug|x64
		{CDE8CE02-EAB8-4199-87C8-F7A5311665C1}.Debug|x64.Build.0 = Debug|x64
		{CDE8CE02-EAB8-4199-87C8-F7A5311665C1}.Debug|x86.ActiveCfg = Debug|Win32
		{CDE8CE02-EAB8-4199-87C8-F7A5311665C1}.Debug|x86.Build.0 = Debug|Win32
		{CDE8CE02-EAB8-4199-87C8-F7A5311665C1}.Release|x64.ActiveCfg = Release|x64
		{CDE8CE02-EAB8-4199-87C8-F7A5311665C1}.Release|x64.Build.0 = Release|x64
		{CDE8CE02-EAB8-4199-87C8-F7A5311665C1}.Release|x86.ActiveCfg = Release|Win32
		{CDE8CE02-EAB8-4199-87C8-F7A5311665C1}.Release|x86.Build.0 = Release|Win32
		{8EB40702-0B4C-49BB-A40F-B0CB135B863E}.Debug|x64.ActiveCfg = Debug|x64
		{8EB40702-0B4C-49BB-A40F-B0CB135B863E}.Debug|x64.Build.0 = Debug|x64
		{8EB40702-0B4C-49BB-A40F-B0CB135B863E}.Debug|x86.ActiveCfg = Debug|Win32
		{8EB40702-0B4C-49BB-A40F-B0CB135B863E}.Debug|x86.Build.0 = Debug|Win32
		{8EB40702-0B4C-49BB-A40F-B0CB135B863E}.Release|x64.ActiveCfg = Release|x64
		{8EB40702-0B4C-49BB-A40F-B0CB135B863E}.Release|x64.Build.0 = Release|x64
		{8EB40702-0B4C-49BB-A40F-B0CB135B863E}.Release|x86.ActiveCfg = Release|Win32
		{8EB40702-0B4C-49BB-A40F-B0CB135B863E}.Release|x86.Build.0 = Release|Win32
		{3BD8F633-25DA-4644-9A7D-2170CC7D1994}.Debug|x64.ActiveCfg = Debug|x64
		{3BD8F633-25DA-4644-9A7D-2170CC7D1994}.Debug|x64.Build.0 = Debug|x64
		{3BD8F633-25DA-4644-9A7D-2170CC7D1994}.Debug|x86.ActiveCfg = Debug|Win32
		{3BD8F633-25DA-4644-9A7D-2170CC7D1994}.Debug|x86.Build.0 = Debug|Win32
		{3BD8F633-25DA-4644-9A7D-2170CC7D1994}.Release|x64.ActiveCfg = Release|x64
		{3BD8F633-25DA-4644-9A7D-2170CC7D1994}.Release|x64.Build.0 = Release|x64
		{3BD8F633-25DA-4644-9A7D-2170CC7D1994}.Release|x86.ActiveCfg = Release|Win32
		{3BD8F633-25DA-4644-9A7D-2170CC7D1994}.Release|x86.Build.0 = Release|Win32
		{4141FFE1-3080-4120-96C5-8D29A6162B85}.Debug|x64.ActiveCfg = Debug|x64
		{4141FFE1-3080-4120-96C5-8D29A6162B85}.Debug|x64.Build.0 = Debug|x64
		{4141FFE1-3080-4120-96C5-8D29A6162B85}.Debug|x86.ActiveCfg = Debug|Win32
		{4141FFE1-3080-4120-96C5-8D29A6162B85}.Debug|x86.Build.0 = Debug|Win32
		{4141FFE1-3080-4120-96C5-8D29A6162B85}.Release|x64.ActiveCfg = Release|x64
		{4141FFE1-3080-4120-96C5-8D29A6162B85}.Release|x64.Build.0 = Release|x64
		{4141FFE1-3080-4120-96C5-8D29A6162B85}.Release|x86.ActiveCfg = Release|Win32
		{4141FFE1-3080-4120-96C5-8D29A6162B85}.Release|x86.Build.0 = Release|Win32
		{1A26D8BD-5CE5-4421-85BF-6D6E154866E7}.Debug|x64.ActiveCfg = Debug|x64
		{1A26D8BD-5CE5-4421-85BF-6D6E154866E7}.Debug|x64.Build.0 = Debug|x64
		{1A26D8BD-5CE5-4421-85BF-6D6E154866E7}.Debug|x86.ActiveCfg = Debug|Win32
		{1A26D8BD-5CE5-4421-85BF-6D6E154866E7}.Debug|x86.Build.0 = Debug|Win32
		{1A26D8BD-5CE5-4421-85BF-6D6E154866E7}.Release|x64.ActiveCfg = Release|x64
		{1A26D8BD-5CE5-4421-85BF-6D6E154866E7}.Release|x64.Build.0 = Release|x64
		{1A26D8BD-5CE5-4421-85BF-6D6E154866E7}.Release|x86.ActiveCfg = Release|Win32
		{1A26D8BD-5CE5-4421-85BF-6D6E154866E7}.Release|x86.Build.0 = Release|Win32
	EndGlobalSection
	GlobalSection(SolutionProperties) = preSolution
		HideSolutionNode = FALSE
	EndGlobalSection
EndGlobal
